
Microsoft Visual Studio Solution File, Format Version 12.00
# Visual Studio Version 16
VisualStudioVersion = 16.0.33529.622
MinimumVisualStudioVersion = 10.0.40219.1
Project("{FAE04EC0-301F-11D3-BF4B-00C04F79EFBC}") = "woksajapp", "woksajapp\woksajapp.csproj", "{4AC1FBEF-21D9-4E78-B65E-F4A44EFAE971}"
EndProject
Global
	GlobalSection(SolutionConfigurationPlatforms) = preSolution
		Debug|Any CPU = Debug|Any CPU
		Release|Any CPU = Release|Any CPU
	EndGlobalSection
	GlobalSection(ProjectConfigurationPlatforms) = postSolution
		{4AC1FBEF-21D9-4E78-B65E-F4A44EFAE971}.Debug|Any CPU.ActiveCfg = Debug|Any CPU
		{4AC1FBEF-21D9-4E78-B65E-F4A44EFAE971}.Debug|Any CPU.Build.0 = Debug|Any CPU
		{4AC1FBEF-21D9-4E78-B65E-F4A44EFAE971}.Release|Any CPU.ActiveCfg = Release|Any CPU
		{4AC1FBEF-21D9-4E78-B65E-F4A44EFAE971}.Release|Any CPU.Build.0 = Release|Any CPU
	EndGlobalSection
	GlobalSection(SolutionProperties) = preSolution
		HideSolutionNode = FALSE
	EndGlobalSection
	GlobalSection(ExtensibilityGlobals) = postSolution
		SolutionGuid = {DDA6540E-4653-4334-A1F1-B86593C4162C}
	EndGlobalSection
EndGlobal
